
Microsoft Visual Studio Solution File, Format Version 12.00
# Visual Studio Version 16
VisualStudioVersion = 16.0.29503.13
MinimumVisualStudioVersion = 10.0.40219.1
Project("{2150E333-8FDC-42A3-9474-1A3956D46DE8}") = "Solution Items", "Solution Items", "{51E6E025-F554-453A-8850-32378CA48C38}"
	ProjectSection(SolutionItems) = preProject
		LICENSE = LICENSE
		README.md = README.md
	EndProjectSection
EndProject
Project("{9A19103F-16F7-4668-BE54-9A1E7A4F7556}") = "IdGenerator", "IdGenerator\IdGenerator.csproj", "{3F9E34B5-36C6-4E0C-836A-29B70807CA3E}"
EndProject
Project("{9A19103F-16F7-4668-BE54-9A1E7A4F7556}") = "IdConsumer", "IdConsumer\IdConsumer.csproj", "{B1BE0C36-2EFB-440C-9079-5E8C475A02EF}"
EndProject
Global
	GlobalSection(SolutionConfigurationPlatforms) = preSolution
		Debug|Any CPU = Debug|Any CPU
		Release|Any CPU = Release|Any CPU
	EndGlobalSection
	GlobalSection(ProjectConfigurationPlatforms) = postSolution
		{3F9E34B5-36C6-4E0C-836A-29B70807CA3E}.Debug|Any CPU.ActiveCfg = Debug|Any CPU
		{3F9E34B5-36C6-4E0C-836A-29B70807CA3E}.Debug|Any CPU.Build.0 = Debug|Any CPU
		{3F9E34B5-36C6-4E0C-836A-29B70807CA3E}.Release|Any CPU.ActiveCfg = Release|Any CPU
		{3F9E34B5-36C6-4E0C-836A-29B70807CA3E}.Release|Any CPU.Build.0 = Release|Any CPU
		{B1BE0C36-2EFB-440C-9079-5E8C475A02EF}.Debug|Any CPU.ActiveCfg = Debug|Any CPU
		{B1BE0C36-2EFB-440C-9079-5E8C475A02EF}.Debug|Any CPU.Build.0 = Debug|Any CPU
		{B1BE0C36-2EFB-440C-9079-5E8C475A02EF}.Release|Any CPU.ActiveCfg = Release|Any CPU
		{B1BE0C36-2EFB-440C-9079-5E8C475A02EF}.Release|Any CPU.Build.0 = Release|Any CPU
	EndGlobalSection
	GlobalSection(SolutionProperties) = preSolution
		HideSolutionNode = FALSE
	EndGlobalSection
	GlobalSection(ExtensibilityGlobals) = postSolution
		SolutionGuid = {3930A92E-30EC-4792-974B-35A1FC81F06E}
	EndGlobalSection
EndGlobal
